
Microsoft Visual Studio Solution File, Format Version 12.00
# Visual Studio 14
VisualStudioVersion = 14.0.25123.0
MinimumVisualStudioVersion = 10.0.40219.1
Project("{FAE04EC0-301F-11D3-BF4B-00C04F79EFBC}") = "IFAD-v1.1", "IFAD-v1.1\IFAD-v1.1.csproj", "{798003BF-306C-413B-B2FC-A25F360859DA}"
EndProject
Global
	GlobalSection(SolutionConfigurationPlatforms) = preSolution
		Debug|Any CPU = Debug|Any CPU
		Release|Any CPU = Release|Any CPU
	EndGlobalSection
	GlobalSection(ProjectConfigurationPlatforms) = postSolution
		{798003BF-306C-413B-B2FC-A25F360859DA}.Debug|Any CPU.ActiveCfg = Debug|Any CPU
		{798003BF-306C-413B-B2FC-A25F360859DA}.Debug|Any CPU.Build.0 = Debug|Any CPU
		{798003BF-306C-413B-B2FC-A25F360859DA}.Release|Any CPU.ActiveCfg = Release|Any CPU
		{798003BF-306C-413B-B2FC-A25F360859DA}.Release|Any CPU.Build.0 = Release|Any CPU
	EndGlobalSection
	GlobalSection(SolutionProperties) = preSolution
		HideSolutionNode = FALSE
	EndGlobalSection
EndGlobal
